
Microsoft Visual Studio Solution File, Format Version 12.00
# Visual Studio 15
VisualStudioVersion = 15.0.28010.2041
MinimumVisualStudioVersion = 10.0.40219.1
Project("{FAE04EC0-301F-11D3-BF4B-00C04F79EFBC}") = "Ahorcado", "Ahorcado\Ahorcado.csproj", "{FB2AD299-55D3-48DF-846F-9F3C11D5BC85}"
EndProject
Global
	GlobalSection(SolutionConfigurationPlatforms) = preSolution
		Debug|Any CPU = Debug|Any CPU
		Release|Any CPU = Release|Any CPU
	EndGlobalSection
	GlobalSection(ProjectConfigurationPlatforms) = postSolution
		{FB2AD299-55D3-48DF-846F-9F3C11D5BC85}.Debug|Any CPU.ActiveCfg = Debug|Any CPU
		{FB2AD299-55D3-48DF-846F-9F3C11D5BC85}.Debug|Any CPU.Build.0 = Debug|Any CPU
		{FB2AD299-55D3-48DF-846F-9F3C11D5BC85}.Release|Any CPU.ActiveCfg = Release|Any CPU
		{FB2AD299-55D3-48DF-846F-9F3C11D5BC85}.Release|Any CPU.Build.0 = Release|Any CPU
	EndGlobalSection
	GlobalSection(SolutionProperties) = preSolution
		HideSolutionNode = FALSE
	EndGlobalSection
	GlobalSection(ExtensibilityGlobals) = postSolution
		SolutionGuid = {BED56CB8-30C1-485D-B7D6-4891261778CF}
	EndGlobalSection
EndGlobal
